
Microsoft Visual Studio Solution File, Format Version 12.00
# Visual Studio Version 16
VisualStudioVersion = 16.0.31727.386
MinimumVisualStudioVersion = 10.0.40219.1
Project("{FAE04EC0-301F-11D3-BF4B-00C04F79EFBC}") = "L_20", "L_20.csproj", "{B19D83E8-383C-41C9-9E35-A9D4961207CE}"
EndProject
Global
	GlobalSection(SolutionConfigurationPlatforms) = preSolution
		Debug|Any CPU = Debug|Any CPU
		Release|Any CPU = Release|Any CPU
	EndGlobalSection
	GlobalSection(ProjectConfigurationPlatforms) = postSolution
		{B19D83E8-383C-41C9-9E35-A9D4961207CE}.Debug|Any CPU.ActiveCfg = Debug|Any CPU
		{B19D83E8-383C-41C9-9E35-A9D4961207CE}.Debug|Any CPU.Build.0 = Debug|Any CPU
		{B19D83E8-383C-41C9-9E35-A9D4961207CE}.Release|Any CPU.ActiveCfg = Release|Any CPU
		{B19D83E8-383C-41C9-9E35-A9D4961207CE}.Release|Any CPU.Build.0 = Release|Any CPU
	EndGlobalSection
	GlobalSection(SolutionProperties) = preSolution
		HideSolutionNode = FALSE
	EndGlobalSection
	GlobalSection(ExtensibilityGlobals) = postSolution
		SolutionGuid = {382C19D5-A4AE-4671-AF68-5C57911478D1}
	EndGlobalSection
EndGlobal
